{
  "requires": true,
  "lockfileVersion": 1,
  "dependencies": {
    "embed-js": {
      "version": "5.0.3",
      "resolved": "https://registry.npmjs.org/embed-js/-/embed-js-5.0.3.tgz",
      "integrity": "sha512-xUT8gkbX9//DdHJJLNPz7La9D3o+nG5TWYTnNb3p66ybNeFmq0rLWdUtu44JJQLwjS+824qa7ceqlCxyI+j3aQ==",
      "requires": {
        "is-dom": "^1.0.9",
        "is-in-browser": "1.1.3",
        "just-extend": "1.1.27",
        "p-waterfall": "^1.0.0"
      }
    },
    "embed-plugin-base": {
      "version": "5.0.3",
      "resolved": "https://registry.npmjs.org/embed-plugin-base/-/embed-plugin-base-5.0.3.tgz",
      "integrity": "sha512-6b1iAd7/HztVwTMS+RfICXqlAH4Frd950Vp3IGuUxD0dRyalXTzRB/k8sjwDnOvRV9aH20SG8Z0YzIZTCUjkKw==",
      "requires": {
        "embed-plugin-utilities": "^5.0.3",
        "just-extend": "1.1.27"
      }
    },
    "embed-plugin-emoji": {
      "version": "5.0.3",
      "resolved": "https://registry.npmjs.org/embed-plugin-emoji/-/embed-plugin-emoji-5.0.3.tgz",
      "integrity": "sha512-uTQAJOyx+uWJVA6esukIX8OHsQbTvI2HfGIY76eNEuI9Dvv+PjAaDBuKIfLFi9Gv8C79HKDLrw5tNn9fgwsxIw==",
      "requires": {
        "just-extend": "1.1.27",
        "just-kebab-case": "^1.0.0",
        "regex-emoji": "^2.0.5"
      }
    },
    "embed-plugin-facebook": {
      "version": "5.0.3",
      "resolved": "https://registry.npmjs.org/embed-plugin-facebook/-/embed-plugin-facebook-5.0.3.tgz",
      "integrity": "sha512-iCPsS1iBjTnZjtmafldbRDqEigbbV2mj4gnBZD6qQdk49Fm/MHeLLU5+PUKurQ+qsxL9yRpzwLGuE64dPOiB0A==",
      "requires": {
        "embed-plugin-base": "^5.0.3",
        "embed-plugin-utilities": "^5.0.3",
        "just-extend": "1.1.27",
        "just-kebab-case": "^1.0.0",
        "regex-emoji": "^2.0.5"
      }
    },
    "embed-plugin-github": {
      "version": "5.0.3",
      "resolved": "https://registry.npmjs.org/embed-plugin-github/-/embed-plugin-github-5.0.3.tgz",
      "integrity": "sha512-v9b8LrMOjkg6uwHy4QRjev3fR+ksxnsAfirejJgO6M6vrUZ9tvYrDeHcIdKL8Ged4DbHskEhgBIwa3DKPumQdw==",
      "requires": {
        "embed-plugin-base": "^5.0.3",
        "embed-plugin-utilities": "^5.0.3",
        "just-extend": "1.1.27"
      }
    },
    "embed-plugin-highlight": {
      "version": "5.0.3",
      "resolved": "https://registry.npmjs.org/embed-plugin-highlight/-/embed-plugin-highlight-5.0.3.tgz",
      "integrity": "sha512-rafLZ0YJNBn09jKNgrCKhn6EN4MfTStkghpQeJPTR9wR/VyeZyhydyshgrLgjyjzrghyPER4fYxJYWhBiqFzdQ==",
      "requires": {
        "embed-plugin-base": "^5.0.3",
        "is-in-browser": "1.1.3",
        "just-extend": "1.1.27"
      }
    },
    "embed-plugin-instagram": {
      "version": "5.0.3",
      "resolved": "https://registry.npmjs.org/embed-plugin-instagram/-/embed-plugin-instagram-5.0.3.tgz",
      "integrity": "sha512-a+zeKrIPOwtsoXvxoDhwVUmGr6ddVT41frCxRuXSN9Hryr6j/Lkd+3XHCRKN1qj8jFyU50NDAds3+yaG81gWjA==",
      "requires": {
        "embed-plugin-base": "^5.0.3",
        "just-extend": "1.1.27"
      }
    },
    "embed-plugin-map": {
      "version": "5.0.3",
      "resolved": "https://registry.npmjs.org/embed-plugin-map/-/embed-plugin-map-5.0.3.tgz",
      "integrity": "sha512-oTv09hoqd+K4+7vVVl7T6RxEW6bf15UaW3MnzuuNA0qI4eCsT6HgWL+hlL7DstLrO9pbAuN++fr5qsD7PYW4Hg==",
      "requires": {
        "embed-plugin-base": "^5.0.3",
        "embed-plugin-utilities": "^5.0.3",
        "just-extend": "1.1.27"
      }
    },
    "embed-plugin-media": {
      "version": "5.0.3",
      "resolved": "https://registry.npmjs.org/embed-plugin-media/-/embed-plugin-media-5.0.3.tgz",
      "integrity": "sha512-i6zs+JR7nGygNTymBdbxdMQ5DUGUg6lxw7LNxczS3ASqkTmAuWswlSATkjGYVTJJTL+Z7UwpKKP5LJeLO79iyQ==",
      "requires": {
        "embed-plugin-base": "^5.0.3",
        "just-extend": "1.1.27"
      }
    },
    "embed-plugin-noembed": {
      "version": "5.0.3",
      "resolved": "https://registry.npmjs.org/embed-plugin-noembed/-/embed-plugin-noembed-5.0.3.tgz",
      "integrity": "sha512-eu1WIEw4SKS7AdULUJ2ZfljaPZ7CtIoDVxCeyCUpMHQV1siCa7syIiuHu8IHz3zsucqGfXdmHdw8jvbuS2yyqQ==",
      "requires": {
        "embed-plugin-base": "^5.0.3",
        "embed-plugin-utilities": "^5.0.3",
        "is-dom": "1.0.9",
        "is-in-browser": "1.1.3",
        "just-extend": "1.1.27",
        "just-flatten-it": "1.1.23",
        "just-pluck-it": "1.1.21"
      }
    },
    "embed-plugin-twitter": {
      "version": "5.0.3",
      "resolved": "https://registry.npmjs.org/embed-plugin-twitter/-/embed-plugin-twitter-5.0.3.tgz",
      "integrity": "sha512-D17V+M1tL+K7rgt/vouBAoOvdampGGCvJ2ImGAHXTXe8dniuTTmTzn8UKln0a3pcgsNwkCNP2LnUzHA0aG6xjw==",
      "requires": {
        "embed-plugin-base": "^5.0.3",
        "embed-plugin-utilities": "^5.0.3",
        "fetch-jsonp": "1.1.1",
        "is-dom": "1.0.9",
        "is-in-browser": "1.1.3",
        "just-extend": "1.1.27"
      }
    },
    "embed-plugin-url": {
      "version": "5.0.3",
      "resolved": "https://registry.npmjs.org/embed-plugin-url/-/embed-plugin-url-5.0.3.tgz",
      "integrity": "sha512-n5ruj85AjCb9hDqfGXQ/4rDJsytitpXbPXWL3Nf2/mak6nhY1HCrtT7Vgur6t/WLD+1eSitQ3SvgjnPKUnXnjQ==",
      "requires": {
        "html-linkify": "1.2.2",
        "just-extend": "1.1.27"
      }
    },
    "embed-plugin-utilities": {
      "version": "5.0.3",
      "resolved": "https://registry.npmjs.org/embed-plugin-utilities/-/embed-plugin-utilities-5.0.3.tgz",
      "integrity": "sha512-roGxAG5f10W5MhB3cop4hhcd5vH8hvnbIYUcs81y+KnDly3QW0Hrf/QcYvpyRZ9keJnazF4ZeRz1nwY26VFqFQ==",
      "requires": {
        "is-in-browser": "1.1.3",
        "just-extend": "1.1.27",
        "just-truncate": "1.0.1"
      }
    },
    "embed-plugin-youtube": {
      "version": "5.0.3",
      "resolved": "https://registry.npmjs.org/embed-plugin-youtube/-/embed-plugin-youtube-5.0.3.tgz",
      "integrity": "sha512-zDNKXha3IlxKP+lL3FQ18Z6VnXQLcdqR3FPpCl5CGUNmZ8aMExwEQFjxNAWObPWeOY2quU8kbyiRaZe/aG7GFw==",
      "requires": {
        "embed-plugin-base": "^5.0.3",
        "embed-plugin-utilities": "^5.0.3",
        "is-dom": "1.0.9",
        "just-extend": "1.1.27",
        "youtube-regex": "1.0.5"
      }
    },
    "embed-preset-basic": {
      "version": "5.0.3",
      "resolved": "https://registry.npmjs.org/embed-preset-basic/-/embed-preset-basic-5.0.3.tgz",
      "integrity": "sha512-JJZRMWUrFpkjS4oRv/2xdvLzSBOyeH9q4k0uhHt67D5JiuX3to0XjprzGsoj8HRNW2/cVj1dwB8cBJimYx9yyQ==",
      "requires": {
        "embed-plugin-emoji": "^5.0.3",
        "embed-plugin-facebook": "^5.0.3",
        "embed-plugin-github": "^5.0.3",
        "embed-plugin-highlight": "^5.0.3",
        "embed-plugin-instagram": "^5.0.3",
        "embed-plugin-map": "^5.0.3",
        "embed-plugin-media": "^5.0.3",
        "embed-plugin-noembed": "^5.0.3",
        "embed-plugin-twitter": "^5.0.3",
        "embed-plugin-url": "^5.0.3",
        "embed-plugin-youtube": "^5.0.3",
        "just-extend": "1.1.27"
      }
    },
    "fetch-jsonp": {
      "version": "1.1.1",
      "resolved": "https://registry.npmjs.org/fetch-jsonp/-/fetch-jsonp-1.1.1.tgz",
      "integrity": "sha1-t7n9fTpPdNODifXqLy0PRsNFEOQ="
    },
    "html-escape": {
      "version": "1.0.0",
      "resolved": "https://registry.npmjs.org/html-escape/-/html-escape-1.0.0.tgz",
      "integrity": "sha1-2y21UmpkwEpBx2d94wVsDROB1GU="
    },
    "html-linkify": {
      "version": "1.2.2",
      "resolved": "https://registry.npmjs.org/html-linkify/-/html-linkify-1.2.2.tgz",
      "integrity": "sha1-h199B3Onk6XeauMGt93yH/KjNHs=",
      "requires": {
        "html-escape": "1.0.0"
      }
    },
    "is-dom": {
      "version": "1.0.9",
      "resolved": "https://registry.npmjs.org/is-dom/-/is-dom-1.0.9.tgz",
      "integrity": "sha1-SDgy1SlyBz3hK5/j9gMghw2oNw0="
    },
    "is-in-browser": {
      "version": "1.1.3",
      "resolved": "https://registry.npmjs.org/is-in-browser/-/is-in-browser-1.1.3.tgz",
      "integrity": "sha1-Vv9NtoOgeMYILrldrX3GLh0E+DU="
    },
    "just-extend": {
      "version": "1.1.27",
      "resolved": "https://registry.npmjs.org/just-extend/-/just-extend-1.1.27.tgz",
      "integrity": "sha512-mJVp13Ix6gFo3SBAy9U/kL+oeZqzlYYYLQBwXVBlVzIsZwBqGREnOro24oC/8s8aox+rJhtZ2DiQof++IrkA+g=="
    },
    "just-flatten-it": {
      "version": "1.1.23",
      "resolved": "https://registry.npmjs.org/just-flatten-it/-/just-flatten-it-1.1.23.tgz",
      "integrity": "sha1-rU1QmCVSl4pc+MWVEMpTeP3sCZQ="
    },
    "just-kebab-case": {
      "version": "1.0.0",
      "resolved": "https://registry.npmjs.org/just-kebab-case/-/just-kebab-case-1.0.0.tgz",
      "integrity": "sha1-sc8EFcog793KEgwqo3c/ThZWWjY="
    },
    "just-pluck-it": {
      "version": "1.1.21",
      "resolved": "https://registry.npmjs.org/just-pluck-it/-/just-pluck-it-1.1.21.tgz",
      "integrity": "sha1-hnX7qRqr9oy1bzEx+ujufcBMsPM="
    },
    "just-truncate": {
      "version": "1.0.1",
      "resolved": "https://registry.npmjs.org/just-truncate/-/just-truncate-1.0.1.tgz",
      "integrity": "sha1-uJYbq25Ke5TRnjmooQMY0H4OtSo="
    },
    "p-reduce": {
      "version": "1.0.0",
      "resolved": "https://registry.npmjs.org/p-reduce/-/p-reduce-1.0.0.tgz",
      "integrity": "sha1-GMKw3ZNqRpClKfgjH1ig/bakffo="
    },
    "p-waterfall": {
      "version": "1.0.0",
      "resolved": "https://registry.npmjs.org/p-waterfall/-/p-waterfall-1.0.0.tgz",
      "integrity": "sha1-ftlLPOszMngjU69qrhGqn8I1uwA=",
      "requires": {
        "p-reduce": "^1.0.0"
      }
    },
    "regex-emoji": {
      "version": "2.0.6",
      "resolved": "https://registry.npmjs.org/regex-emoji/-/regex-emoji-2.0.6.tgz",
      "integrity": "sha1-xdChv1Rqp20kCIIhgVq0p8bxPTM="
    },
    "youtube-regex": {
      "version": "1.0.5",
      "resolved": "https://registry.npmjs.org/youtube-regex/-/youtube-regex-1.0.5.tgz",
      "integrity": "sha1-Xyf6yrC31m0B7rx6/Jpqac9hq9g="
    }
  }
}
